
Microsoft Visual Studio Solution File, Format Version 12.00
# Visual Studio Version 17
VisualStudioVersion = 17.9.34616.47
MinimumVisualStudioVersion = 10.0.40219.1
Project("{9A19103F-16F7-4668-BE54-9A1E7A4F7556}") = "FerroLaminas", "FerroLaminas\FerroLaminas.csproj", "{520C7B5B-7B49-41CC-BDF9-0C9F203541E1}"
EndProject
Project("{FAE04EC0-301F-11D3-BF4B-00C04F79EFBC}") = "WebApiFerroLaminas", "WebApiFerroLaminas\WebApiFerroLaminas.csproj", "{7E073C5A-315F-4A2B-B45E-DD9ECC25E017}"
EndProject
Global
	GlobalSection(SolutionConfigurationPlatforms) = preSolution
		Debug|Any CPU = Debug|Any CPU
		Release|Any CPU = Release|Any CPU
	EndGlobalSection
	GlobalSection(ProjectConfigurationPlatforms) = postSolution
		{520C7B5B-7B49-41CC-BDF9-0C9F203541E1}.Debug|Any CPU.ActiveCfg = Debug|Any CPU
		{520C7B5B-7B49-41CC-BDF9-0C9F203541E1}.Debug|Any CPU.Build.0 = Debug|Any CPU
		{520C7B5B-7B49-41CC-BDF9-0C9F203541E1}.Release|Any CPU.ActiveCfg = Release|Any CPU
		{520C7B5B-7B49-41CC-BDF9-0C9F203541E1}.Release|Any CPU.Build.0 = Release|Any CPU
		{7E073C5A-315F-4A2B-B45E-DD9ECC25E017}.Debug|Any CPU.ActiveCfg = Debug|Any CPU
		{7E073C5A-315F-4A2B-B45E-DD9ECC25E017}.Debug|Any CPU.Build.0 = Debug|Any CPU
		{7E073C5A-315F-4A2B-B45E-DD9ECC25E017}.Release|Any CPU.ActiveCfg = Release|Any CPU
		{7E073C5A-315F-4A2B-B45E-DD9ECC25E017}.Release|Any CPU.Build.0 = Release|Any CPU
	EndGlobalSection
	GlobalSection(SolutionProperties) = preSolution
		HideSolutionNode = FALSE
	EndGlobalSection
	GlobalSection(ExtensibilityGlobals) = postSolution
		SolutionGuid = {ABFE1453-EC03-44BA-AE98-2332884CE826}
	EndGlobalSection
EndGlobal
